{
  "nodes": {
    "d2-vim-src": {
      "flake": false,
      "locked": {
        "lastModified": 1675176182,
        "narHash": "sha256-+mT4pEbtq7f9ZXhOop3Jnjr7ulxU32VtahffIwQqYF4=",
        "owner": "terrastruct",
        "repo": "d2-vim",
        "rev": "981c87dccb63df2887cc41b96e84bf550f736c57",
        "type": "github"
      },
      "original": {
        "owner": "terrastruct",
        "repo": "d2-vim",
        "type": "github"
      }
    },
    "flake-utils": {
      "inputs": {
        "systems": "systems"
      },
      "locked": {
        "lastModified": 1726560853,
        "narHash": "sha256-X6rJYSESBVr3hBoH0WbKE5KvhPU5bloyZ2L4K60/fPQ=",
        "owner": "numtide",
        "repo": "flake-utils",
        "rev": "c1dfcf08411b08f6b8615f7d8971a2bfa81d5e8a",
        "type": "github"
      },
      "original": {
        "owner": "numtide",
        "repo": "flake-utils",
        "type": "github"
      }
    },
    "flake-utils_2": {
      "inputs": {
        "systems": "systems_2"
      },
      "locked": {
        "lastModified": 1710146030,
        "narHash": "sha256-SZ5L6eA7HJ/nmkzGG7/ISclqe6oZdOZTNoesiInkXPQ=",
        "owner": "numtide",
        "repo": "flake-utils",
        "rev": "b1d9ab70662946ef0850d488da1c9019f3a9752a",
        "type": "github"
      },
      "original": {
        "owner": "numtide",
        "repo": "flake-utils",
        "type": "github"
      }
    },
    "hunk-nvim-src": {
      "flake": false,
      "locked": {
        "lastModified": 1726776875,
        "narHash": "sha256-CbvfRmgVshzEH/EUn1/PfNzT+MChtTTmxfi+gTZ7Q6Y=",
        "owner": "julienvincent",
        "repo": "hunk.nvim",
        "rev": "eb89245a66bdfce10436d15923bf4deb43d23c96",
        "type": "github"
      },
      "original": {
        "owner": "julienvincent",
        "repo": "hunk.nvim",
        "type": "github"
      }
    },
    "ionide-nvim-src": {
      "flake": false,
      "locked": {
        "lastModified": 1725347912,
        "narHash": "sha256-tEpolSQcAt1Y/y7ZG5vW1THm8raBnXqTBTsIc1M4zVM=",
        "owner": "ionide",
        "repo": "ionide-vim",
        "rev": "268955cc106f8328a232b160a7360cf331c0a323",
        "type": "github"
      },
      "original": {
        "owner": "ionide",
        "repo": "ionide-vim",
        "type": "github"
      }
    },
    "naersk": {
      "inputs": {
        "nixpkgs": "nixpkgs"
      },
      "locked": {
        "lastModified": 1721727458,
        "narHash": "sha256-r/xppY958gmZ4oTfLiHN0ZGuQ+RSTijDblVgVLFi1mw=",
        "owner": "nix-community",
        "repo": "naersk",
        "rev": "3fb418eaf352498f6b6c30592e3beb63df42ef11",
        "type": "github"
      },
      "original": {
        "owner": "nix-community",
        "repo": "naersk",
        "type": "github"
      }
    },
    "neogit-src": {
      "flake": false,
      "locked": {
        "lastModified": 1728420708,
        "narHash": "sha256-8tnWF7gmIzuXN4W/Z3Xy4ID6Y+lMU14UfrZdXYoYSXo=",
        "owner": "NeogitOrg",
        "repo": "neogit",
        "rev": "a8dd1509a7fc6bf92ca60f21e33393f685ab70aa",
        "type": "github"
      },
      "original": {
        "owner": "NeogitOrg",
        "repo": "neogit",
        "type": "github"
      }
    },
    "nil-flake": {
      "inputs": {
        "flake-utils": "flake-utils_2",
        "nixpkgs": "nixpkgs_2",
        "rust-overlay": "rust-overlay"
      },
      "locked": {
        "lastModified": 1726716330,
        "narHash": "sha256-mIuOP4I51eFLquRaxMKx67pHmhatZrcVPjfHL98v/M8=",
        "owner": "oxalica",
        "repo": "nil",
        "rev": "c8e8ce72442a164d89d3fdeaae0bcc405f8c015a",
        "type": "github"
      },
      "original": {
        "owner": "oxalica",
        "repo": "nil",
        "type": "github"
      }
    },
    "nixpkgs": {
      "locked": {
        "lastModified": 1728538411,
        "narHash": "sha256-f0SBJz1eZ2yOuKUr5CA9BHULGXVSn6miBuUWdTyhUhU=",
        "owner": "NixOS",
        "repo": "nixpkgs",
        "rev": "b69de56fac8c2b6f8fd27f2eca01dcda8e0a4221",
        "type": "github"
      },
      "original": {
        "id": "nixpkgs",
        "type": "indirect"
      }
    },
    "nixpkgs_2": {
      "locked": {
        "lastModified": 1726481836,
        "narHash": "sha256-MWTBH4dd5zIz2iatDb8IkqSjIeFum9jAqkFxgHLdzO4=",
        "owner": "nixos",
        "repo": "nixpkgs",
        "rev": "20f9370d5f588fb8c72e844c54511cab054b5f40",
        "type": "github"
      },
      "original": {
        "owner": "nixos",
        "ref": "nixpkgs-unstable",
        "repo": "nixpkgs",
        "type": "github"
      }
    },
    "nixpkgs_3": {
      "locked": {
        "lastModified": 1728397246,
        "narHash": "sha256-Xe/6b5vhci9POQmmrSkjJF8aSl5KUYsuV04ljnh0pqQ=",
        "owner": "nixos",
        "repo": "nixpkgs",
        "rev": "10ea84d1ffbb0d56b240070b351c258e51e937eb",
        "type": "github"
      },
      "original": {
        "owner": "nixos",
        "repo": "nixpkgs",
        "type": "github"
      }
    },
    "nixpkgs_4": {
      "locked": {
        "lastModified": 1708296515,
        "narHash": "sha256-FyF489fYNAUy7b6dkYV6rGPyzp+4tThhr80KNAaF/yY=",
        "owner": "nixos",
        "repo": "nixpkgs",
        "rev": "b98a4e1746acceb92c509bc496ef3d0e5ad8d4aa",
        "type": "github"
      },
      "original": {
        "owner": "nixos",
        "ref": "nixos-unstable",
        "repo": "nixpkgs",
        "type": "github"
      }
    },
    "nurl-flake": {
      "inputs": {
        "nixpkgs": "nixpkgs_4"
      },
      "locked": {
        "lastModified": 1726505596,
        "narHash": "sha256-WAFqmlsShuQngk6LMFlgz7Oyc41TAQeTa/49phhRizY=",
        "owner": "nix-community",
        "repo": "nurl",
        "rev": "3a3ba7f0d14d92e1266395d826c6e229797d0044",
        "type": "github"
      },
      "original": {
        "owner": "nix-community",
        "repo": "nurl",
        "type": "github"
      }
    },
    "root": {
      "inputs": {
        "d2-vim-src": "d2-vim-src",
        "flake-utils": "flake-utils",
        "hunk-nvim-src": "hunk-nvim-src",
        "ionide-nvim-src": "ionide-nvim-src",
        "naersk": "naersk",
        "neogit-src": "neogit-src",
        "nil-flake": "nil-flake",
        "nixpkgs": "nixpkgs_3",
        "nurl-flake": "nurl-flake",
        "roslyn-lsp": "roslyn-lsp",
        "rust-overlay": "rust-overlay_2",
        "tree-sitter-cli-src": "tree-sitter-cli-src",
        "treesitter-context": "treesitter-context",
        "victoria-logs-src": "victoria-logs-src",
        "zig-src": "zig-src"
      }
    },
    "roslyn-lsp": {
      "flake": false,
      "locked": {
        "lastModified": 1715956271,
        "narHash": "sha256-Oavfpsn8ftoZURoirKBseuHkQHOHFxMY9LxdjwjV6Vc=",
        "owner": "zaphar",
        "repo": "roslyn.nvim",
        "rev": "dc6bcd9ddd846b123cd1c1f34b0d95a487a4ef85",
        "type": "github"
      },
      "original": {
        "owner": "zaphar",
        "ref": "main",
        "repo": "roslyn.nvim",
        "type": "github"
      }
    },
    "rust-overlay": {
      "inputs": {
        "nixpkgs": [
          "nil-flake",
          "nixpkgs"
        ]
      },
      "locked": {
        "lastModified": 1726453838,
        "narHash": "sha256-pupsow4L79SBfNwT6vh/5RAbVZuhngIA0RTCZksXmZY=",
        "owner": "oxalica",
        "repo": "rust-overlay",
        "rev": "ca2e79cd22625d214b8437c2c4080ce79bd9f7d2",
        "type": "github"
      },
      "original": {
        "owner": "oxalica",
        "repo": "rust-overlay",
        "type": "github"
      }
    },
    "rust-overlay_2": {
      "inputs": {
        "nixpkgs": [
          "nixpkgs"
        ]
      },
      "locked": {
        "lastModified": 1728461096,
        "narHash": "sha256-cd0cXB85B3kGpm+iumP9xCnqFErspXL9Z/2X59kQ6c4=",
        "owner": "oxalica",
        "repo": "rust-overlay",
        "rev": "e310b9bd71fa6c6a9fec0a8cf5af43ce798a0ad6",
        "type": "github"
      },
      "original": {
        "owner": "oxalica",
        "ref": "stable",
        "repo": "rust-overlay",
        "type": "github"
      }
    },
    "systems": {
      "locked": {
        "lastModified": 1681028828,
        "narHash": "sha256-Vy1rq5AaRuLzOxct8nz4T6wlgyUR7zLU309k9mBC768=",
        "owner": "nix-systems",
        "repo": "default",
        "rev": "da67096a3b9bf56a91d16901293e51ba5b49a27e",
        "type": "github"
      },
      "original": {
        "owner": "nix-systems",
        "repo": "default",
        "type": "github"
      }
    },
    "systems_2": {
      "locked": {
        "lastModified": 1681028828,
        "narHash": "sha256-Vy1rq5AaRuLzOxct8nz4T6wlgyUR7zLU309k9mBC768=",
        "owner": "nix-systems",
        "repo": "default",
        "rev": "da67096a3b9bf56a91d16901293e51ba5b49a27e",
        "type": "github"
      },
      "original": {
        "owner": "nix-systems",
        "repo": "default",
        "type": "github"
      }
    },
    "tree-sitter-cli-src": {
      "flake": false,
      "locked": {
        "lastModified": 1728916102,
        "narHash": "sha256-Aslud0Di5u3gaVHguEZPGkYwDJQPj6BACjo7+2wwfhE=",
        "owner": "tree-sitter",
        "repo": "tree-sitter",
        "rev": "fb23de926134188e2711bba2f7b589e3f25c14fd",
        "type": "github"
      },
      "original": {
        "owner": "tree-sitter",
        "repo": "tree-sitter",
        "type": "github"
      }
    },
    "treesitter-context": {
      "flake": false,
      "locked": {
        "lastModified": 1693236978,
        "narHash": "sha256-B6BXeFEWxTFf46JrlatsxEQcC6+/hPIDBb5cIcJpLZg=",
        "owner": "nvim-treesitter",
        "repo": "nvim-treesitter-context",
        "rev": "e6b743ccd4e780bc9cd85b707de67df72eea1a23",
        "type": "github"
      },
      "original": {
        "owner": "nvim-treesitter",
        "repo": "nvim-treesitter-context",
        "rev": "e6b743ccd4e780bc9cd85b707de67df72eea1a23",
        "type": "github"
      }
    },
    "victoria-logs-src": {
      "flake": false,
      "locked": {
        "lastModified": 1728382879,
        "narHash": "sha256-iaV4bjwjLqQcB//xIH16lRFry9ncxej+DLesb3pbm/4=",
        "owner": "VictoriaMetrics",
        "repo": "VictoriaMetrics",
        "rev": "6878982c93e34a2bf6ab026b3809073b284b6afc",
        "type": "github"
      },
      "original": {
        "owner": "VictoriaMetrics",
        "ref": "v0.34.0-victorialogs",
        "repo": "VictoriaMetrics",
        "type": "github"
      }
    },
    "zig-src": {
      "flake": false,
      "locked": {
        "lastModified": 1717700711,
        "narHash": "sha256-5qSiTq+UWGOwjDVZMIrAt2cDKHkyNPBSAEjpRQUByFM=",
        "owner": "ziglang",
        "repo": "zig",
        "rev": "cf90dfd3098bef5b3c22d5ab026173b3c357f2dd",
        "type": "github"
      },
      "original": {
        "owner": "ziglang",
        "ref": "0.13.0",
        "repo": "zig",
        "type": "github"
      }
    }
  },
  "root": "root",
  "version": 7
}
