{
  "nodes": {
    "avante-src": {
      "flake": false,
      "locked": {
        "lastModified": 1746602870,
        "narHash": "sha256-REBOplEe2muqfVLwcpTAmXpTrHlzSfhbh8T0litDTDA=",
        "owner": "yetone",
        "repo": "avante.nvim",
        "rev": "113913355a6b9c0fbd62cf52d0cf3e5671d0e34a",
        "type": "github"
      },
      "original": {
        "owner": "yetone",
        "repo": "avante.nvim",
        "type": "github"
      }
    },
    "claude-code-nvim-src": {
      "flake": false,
      "locked": {
        "lastModified": 1751485230,
        "narHash": "sha256-ZEIPutxhgyaAhq+fJw1lTO781IdjTXbjKy5yKgqSLjM=",
        "owner": "greggh",
        "repo": "claude-code.nvim",
        "rev": "c9a31e51069977edaad9560473b5d031fcc5d38b",
        "type": "github"
      },
      "original": {
        "owner": "greggh",
        "repo": "claude-code.nvim",
        "type": "github"
      }
    },
    "crane": {
      "locked": {
        "lastModified": 1765145449,
        "narHash": "sha256-aBVHGWWRzSpfL++LubA0CwOOQ64WNLegrYHwsVuVN7A=",
        "owner": "ipetkov",
        "repo": "crane",
        "rev": "69f538cdce5955fcd47abfed4395dc6d5194c1c5",
        "type": "github"
      },
      "original": {
        "owner": "ipetkov",
        "repo": "crane",
        "type": "github"
      }
    },
    "d2-vim-src": {
      "flake": false,
      "locked": {
        "lastModified": 1675176182,
        "narHash": "sha256-+mT4pEbtq7f9ZXhOop3Jnjr7ulxU32VtahffIwQqYF4=",
        "owner": "terrastruct",
        "repo": "d2-vim",
        "rev": "981c87dccb63df2887cc41b96e84bf550f736c57",
        "type": "github"
      },
      "original": {
        "owner": "terrastruct",
        "repo": "d2-vim",
        "type": "github"
      }
    },
    "flake-utils": {
      "inputs": {
        "systems": "systems"
      },
      "locked": {
        "lastModified": 1726560853,
        "narHash": "sha256-X6rJYSESBVr3hBoH0WbKE5KvhPU5bloyZ2L4K60/fPQ=",
        "owner": "numtide",
        "repo": "flake-utils",
        "rev": "c1dfcf08411b08f6b8615f7d8971a2bfa81d5e8a",
        "type": "github"
      },
      "original": {
        "owner": "numtide",
        "repo": "flake-utils",
        "type": "github"
      }
    },
    "flake-utils_2": {
      "inputs": {
        "systems": "systems_2"
      },
      "locked": {
        "lastModified": 1694529238,
        "narHash": "sha256-zsNZZGTGnMOf9YpHKJqMSsa0dXbfmxeoJ7xHlrt+xmY=",
        "owner": "numtide",
        "repo": "flake-utils",
        "rev": "ff7b65b44d01cf9ba6a71320833626af21126384",
        "type": "github"
      },
      "original": {
        "owner": "numtide",
        "repo": "flake-utils",
        "type": "github"
      }
    },
    "flake-utils_3": {
      "inputs": {
        "systems": "systems_3"
      },
      "locked": {
        "lastModified": 1710146030,
        "narHash": "sha256-SZ5L6eA7HJ/nmkzGG7/ISclqe6oZdOZTNoesiInkXPQ=",
        "owner": "numtide",
        "repo": "flake-utils",
        "rev": "b1d9ab70662946ef0850d488da1c9019f3a9752a",
        "type": "github"
      },
      "original": {
        "owner": "numtide",
        "repo": "flake-utils",
        "type": "github"
      }
    },
    "gomod2nix-src": {
      "inputs": {
        "flake-utils": "flake-utils_2",
        "nixpkgs": "nixpkgs"
      },
      "locked": {
        "lastModified": 1745875161,
        "narHash": "sha256-0YkWCS13jpoo3+sX/3kcgdxBNt1VZTmvF+FhZb4rFKI=",
        "owner": "nix-community",
        "repo": "gomod2nix",
        "rev": "2cbd7fdd6eeab65c494cc426e18f4e4d2a5e35c0",
        "type": "github"
      },
      "original": {
        "owner": "nix-community",
        "repo": "gomod2nix",
        "type": "github"
      }
    },
    "helix-db-src": {
      "flake": false,
      "locked": {
        "lastModified": 1762933829,
        "narHash": "sha256-/7BS+7ZryWOmmSx1M/8PmQGHkj5M0/UmJHrLhYf7y3o=",
        "owner": "HelixDB",
        "repo": "helix-db",
        "rev": "634fa949d2f0a061bf0b1c4e065a5f4e7dd1e4dd",
        "type": "github"
      },
      "original": {
        "owner": "HelixDB",
        "repo": "helix-db",
        "type": "github"
      }
    },
    "hunk-nvim-src": {
      "flake": false,
      "locked": {
        "lastModified": 1726776875,
        "narHash": "sha256-CbvfRmgVshzEH/EUn1/PfNzT+MChtTTmxfi+gTZ7Q6Y=",
        "owner": "julienvincent",
        "repo": "hunk.nvim",
        "rev": "eb89245a66bdfce10436d15923bf4deb43d23c96",
        "type": "github"
      },
      "original": {
        "owner": "julienvincent",
        "repo": "hunk.nvim",
        "type": "github"
      }
    },
    "ionide-nvim-src": {
      "flake": false,
      "locked": {
        "lastModified": 1725347912,
        "narHash": "sha256-tEpolSQcAt1Y/y7ZG5vW1THm8raBnXqTBTsIc1M4zVM=",
        "owner": "ionide",
        "repo": "ionide-vim",
        "rev": "268955cc106f8328a232b160a7360cf331c0a323",
        "type": "github"
      },
      "original": {
        "owner": "ionide",
        "repo": "ionide-vim",
        "type": "github"
      }
    },
    "lua-json5-src": {
      "flake": false,
      "locked": {
        "lastModified": 1756863169,
        "narHash": "sha256-mtf4nI9Kh2ziTGAbI0/LVBBw5cbtrEPcOHWkOnRKkDw=",
        "owner": "Joakker",
        "repo": "lua-json5",
        "rev": "d710c494586f369eba787902e665fa0bcb5705ba",
        "type": "github"
      },
      "original": {
        "owner": "Joakker",
        "repo": "lua-json5",
        "type": "github"
      }
    },
    "naersk": {
      "inputs": {
        "nixpkgs": "nixpkgs_2"
      },
      "locked": {
        "lastModified": 1739824009,
        "narHash": "sha256-fcNrCMUWVLMG3gKC5M9CBqVOAnJtyRvGPxptQFl5mVg=",
        "owner": "nix-community",
        "repo": "naersk",
        "rev": "e5130d37369bfa600144c2424270c96f0ef0e11d",
        "type": "github"
      },
      "original": {
        "owner": "nix-community",
        "repo": "naersk",
        "type": "github"
      }
    },
    "neogit-src": {
      "flake": false,
      "locked": {
        "lastModified": 1741986669,
        "narHash": "sha256-4HLSTKNqngiFrRabffthYm3Zyfqr3IJCis9yhsH2Eps=",
        "owner": "NeogitOrg",
        "repo": "neogit",
        "rev": "333968f8222fda475d3e4545a9b15fe9912ca26a",
        "type": "github"
      },
      "original": {
        "owner": "NeogitOrg",
        "repo": "neogit",
        "type": "github"
      }
    },
    "nil-flake": {
      "inputs": {
        "flake-utils": "flake-utils_3",
        "nixpkgs": "nixpkgs_3",
        "rust-overlay": "rust-overlay"
      },
      "locked": {
        "lastModified": 1726716330,
        "narHash": "sha256-mIuOP4I51eFLquRaxMKx67pHmhatZrcVPjfHL98v/M8=",
        "owner": "oxalica",
        "repo": "nil",
        "rev": "c8e8ce72442a164d89d3fdeaae0bcc405f8c015a",
        "type": "github"
      },
      "original": {
        "owner": "oxalica",
        "repo": "nil",
        "type": "github"
      }
    },
    "nixpkgs": {
      "locked": {
        "lastModified": 1658285632,
        "narHash": "sha256-zRS5S/hoeDGUbO+L95wXG9vJNwsSYcl93XiD0HQBXLk=",
        "owner": "NixOS",
        "repo": "nixpkgs",
        "rev": "5342fc6fb59d0595d26883c3cadff16ce58e44f3",
        "type": "github"
      },
      "original": {
        "owner": "NixOS",
        "ref": "master",
        "repo": "nixpkgs",
        "type": "github"
      }
    },
    "nixpkgs_2": {
      "locked": {
        "lastModified": 1742738698,
        "narHash": "sha256-KCtAXWwQs03JmEhP4ss59QVzT+rHZkhQO85KjNy8Crc=",
        "owner": "NixOS",
        "repo": "nixpkgs",
        "rev": "f3a2a0601e9669a6e38af25b46ce6c4563bcb6da",
        "type": "github"
      },
      "original": {
        "id": "nixpkgs",
        "type": "indirect"
      }
    },
    "nixpkgs_3": {
      "locked": {
        "lastModified": 1726481836,
        "narHash": "sha256-MWTBH4dd5zIz2iatDb8IkqSjIeFum9jAqkFxgHLdzO4=",
        "owner": "nixos",
        "repo": "nixpkgs",
        "rev": "20f9370d5f588fb8c72e844c54511cab054b5f40",
        "type": "github"
      },
      "original": {
        "owner": "nixos",
        "ref": "nixpkgs-unstable",
        "repo": "nixpkgs",
        "type": "github"
      }
    },
    "nixpkgs_4": {
      "locked": {
        "lastModified": 1765467293,
        "narHash": "sha256-eyhRznbguB0zKMPChNhQpiFqzxoTHsK9FPVpBOSy8ZI=",
        "owner": "nixos",
        "repo": "nixpkgs",
        "rev": "7531f2f39e429476d2828d5657816f5bdbae346b",
        "type": "github"
      },
      "original": {
        "owner": "nixos",
        "repo": "nixpkgs",
        "type": "github"
      }
    },
    "nixpkgs_5": {
      "locked": {
        "lastModified": 1708296515,
        "narHash": "sha256-FyF489fYNAUy7b6dkYV6rGPyzp+4tThhr80KNAaF/yY=",
        "owner": "nixos",
        "repo": "nixpkgs",
        "rev": "b98a4e1746acceb92c509bc496ef3d0e5ad8d4aa",
        "type": "github"
      },
      "original": {
        "owner": "nixos",
        "ref": "nixos-unstable",
        "repo": "nixpkgs",
        "type": "github"
      }
    },
    "nurl-flake": {
      "inputs": {
        "nixpkgs": "nixpkgs_5"
      },
      "locked": {
        "lastModified": 1726505596,
        "narHash": "sha256-WAFqmlsShuQngk6LMFlgz7Oyc41TAQeTa/49phhRizY=",
        "owner": "nix-community",
        "repo": "nurl",
        "rev": "3a3ba7f0d14d92e1266395d826c6e229797d0044",
        "type": "github"
      },
      "original": {
        "owner": "nix-community",
        "repo": "nurl",
        "type": "github"
      }
    },
    "opencode-platform-darwin-arm64-src": {
      "flake": false,
      "locked": {
        "lastModified": 499162500,
        "narHash": "sha256-TJVeEjYO7uWEqpkCQsTrPwShKAbWalvIRiFmzX6Mvxg=",
        "type": "tarball",
        "url": "https://registry.npmjs.org/opencode-darwin-arm64/-/opencode-darwin-arm64-0.2.5.tgz"
      },
      "original": {
        "type": "tarball",
        "url": "https://registry.npmjs.org/opencode-darwin-arm64/-/opencode-darwin-arm64-0.2.5.tgz"
      }
    },
    "opencode-platform-linux-amd64-src": {
      "flake": false,
      "locked": {
        "lastModified": 499162500,
        "narHash": "sha256-W8ZC8TU5/228aUgB40HwFTN9CDDkFVhoQkTXyVcPv24=",
        "type": "tarball",
        "url": "https://registry.npmjs.org/opencode-darwin-x64/-/opencode-darwin-x64-0.2.5.tgz"
      },
      "original": {
        "type": "tarball",
        "url": "https://registry.npmjs.org/opencode-darwin-x64/-/opencode-darwin-x64-0.2.5.tgz"
      }
    },
    "opencode-src": {
      "flake": false,
      "locked": {
        "lastModified": 499162500,
        "narHash": "sha256-XUk+e5Z2YMJ7lNN7hSETNMBxmMZ0tkec72efo5ZvQgI=",
        "type": "tarball",
        "url": "https://registry.npmjs.org/opencode-ai/-/opencode-ai-0.2.5.tgz"
      },
      "original": {
        "type": "tarball",
        "url": "https://registry.npmjs.org/opencode-ai/-/opencode-ai-0.2.5.tgz"
      }
    },
    "root": {
      "inputs": {
        "avante-src": "avante-src",
        "claude-code-nvim-src": "claude-code-nvim-src",
        "crane": "crane",
        "d2-vim-src": "d2-vim-src",
        "flake-utils": "flake-utils",
        "gomod2nix-src": "gomod2nix-src",
        "helix-db-src": "helix-db-src",
        "hunk-nvim-src": "hunk-nvim-src",
        "ionide-nvim-src": "ionide-nvim-src",
        "lua-json5-src": "lua-json5-src",
        "naersk": "naersk",
        "neogit-src": "neogit-src",
        "nil-flake": "nil-flake",
        "nixpkgs": "nixpkgs_4",
        "nurl-flake": "nurl-flake",
        "opencode-platform-darwin-arm64-src": "opencode-platform-darwin-arm64-src",
        "opencode-platform-linux-amd64-src": "opencode-platform-linux-amd64-src",
        "opencode-src": "opencode-src",
        "roslyn-lsp": "roslyn-lsp",
        "rust-overlay": "rust-overlay_2",
        "tree-sitter-cli-src": "tree-sitter-cli-src",
        "treesitter-context": "treesitter-context",
        "wasm-bindgen-flake-0-2-105": "wasm-bindgen-flake-0-2-105",
        "zig-src": "zig-src"
      }
    },
    "roslyn-lsp": {
      "flake": false,
      "locked": {
        "lastModified": 1715956271,
        "narHash": "sha256-Oavfpsn8ftoZURoirKBseuHkQHOHFxMY9LxdjwjV6Vc=",
        "owner": "zaphar",
        "repo": "roslyn.nvim",
        "rev": "dc6bcd9ddd846b123cd1c1f34b0d95a487a4ef85",
        "type": "github"
      },
      "original": {
        "owner": "zaphar",
        "ref": "main",
        "repo": "roslyn.nvim",
        "type": "github"
      }
    },
    "rust-overlay": {
      "inputs": {
        "nixpkgs": [
          "nil-flake",
          "nixpkgs"
        ]
      },
      "locked": {
        "lastModified": 1726453838,
        "narHash": "sha256-pupsow4L79SBfNwT6vh/5RAbVZuhngIA0RTCZksXmZY=",
        "owner": "oxalica",
        "repo": "rust-overlay",
        "rev": "ca2e79cd22625d214b8437c2c4080ce79bd9f7d2",
        "type": "github"
      },
      "original": {
        "owner": "oxalica",
        "repo": "rust-overlay",
        "type": "github"
      }
    },
    "rust-overlay_2": {
      "inputs": {
        "nixpkgs": [
          "nixpkgs"
        ]
      },
      "locked": {
        "lastModified": 1763347184,
        "narHash": "sha256-6QH8hpCYJxifvyHEYg+Da0BotUn03BwLIvYo3JAxuqQ=",
        "owner": "oxalica",
        "repo": "rust-overlay",
        "rev": "08895cce80433978d5bfd668efa41c5e24578cbd",
        "type": "github"
      },
      "original": {
        "owner": "oxalica",
        "ref": "stable",
        "repo": "rust-overlay",
        "type": "github"
      }
    },
    "systems": {
      "locked": {
        "lastModified": 1681028828,
        "narHash": "sha256-Vy1rq5AaRuLzOxct8nz4T6wlgyUR7zLU309k9mBC768=",
        "owner": "nix-systems",
        "repo": "default",
        "rev": "da67096a3b9bf56a91d16901293e51ba5b49a27e",
        "type": "github"
      },
      "original": {
        "owner": "nix-systems",
        "repo": "default",
        "type": "github"
      }
    },
    "systems_2": {
      "locked": {
        "lastModified": 1681028828,
        "narHash": "sha256-Vy1rq5AaRuLzOxct8nz4T6wlgyUR7zLU309k9mBC768=",
        "owner": "nix-systems",
        "repo": "default",
        "rev": "da67096a3b9bf56a91d16901293e51ba5b49a27e",
        "type": "github"
      },
      "original": {
        "owner": "nix-systems",
        "repo": "default",
        "type": "github"
      }
    },
    "systems_3": {
      "locked": {
        "lastModified": 1681028828,
        "narHash": "sha256-Vy1rq5AaRuLzOxct8nz4T6wlgyUR7zLU309k9mBC768=",
        "owner": "nix-systems",
        "repo": "default",
        "rev": "da67096a3b9bf56a91d16901293e51ba5b49a27e",
        "type": "github"
      },
      "original": {
        "owner": "nix-systems",
        "repo": "default",
        "type": "github"
      }
    },
    "tree-sitter-cli-src": {
      "flake": false,
      "locked": {
        "lastModified": 1742574818,
        "narHash": "sha256-aV9tifiYFMAa2u+MkfJpm4TYUfmzajfsVc5jhs2ENzU=",
        "owner": "tree-sitter",
        "repo": "tree-sitter",
        "rev": "e3db212b0b12a189010979b4c129a792009e8361",
        "type": "github"
      },
      "original": {
        "owner": "tree-sitter",
        "repo": "tree-sitter",
        "type": "github"
      }
    },
    "treesitter-context": {
      "flake": false,
      "locked": {
        "lastModified": 1693236978,
        "narHash": "sha256-B6BXeFEWxTFf46JrlatsxEQcC6+/hPIDBb5cIcJpLZg=",
        "owner": "nvim-treesitter",
        "repo": "nvim-treesitter-context",
        "rev": "e6b743ccd4e780bc9cd85b707de67df72eea1a23",
        "type": "github"
      },
      "original": {
        "owner": "nvim-treesitter",
        "repo": "nvim-treesitter-context",
        "rev": "e6b743ccd4e780bc9cd85b707de67df72eea1a23",
        "type": "github"
      }
    },
    "wasm-bindgen-flake-0-2-105": {
      "flake": false,
      "locked": {
        "lastModified": 1761591051,
        "narHash": "sha256-NME7whCxMibTJgmTz3iHYUf6Va5MzZb/4m3EGyfu6JQ=",
        "owner": "wasm-bindgen",
        "repo": "wasm-bindgen",
        "rev": "f72a9d68d90cd75513e18859403f0139cc6913a1",
        "type": "github"
      },
      "original": {
        "owner": "wasm-bindgen",
        "ref": "0.2.105",
        "repo": "wasm-bindgen",
        "type": "github"
      }
    },
    "zig-src": {
      "flake": false,
      "locked": {
        "lastModified": 1755645653,
        "narHash": "sha256-RFbJYeTHj/aNjWSsG+HHtmOL1VY4dpvJjbx04OhF4bI=",
        "owner": "ziglang",
        "repo": "zig",
        "rev": "3db960767d12b6214bcf43f1966a037c7a586a12",
        "type": "github"
      },
      "original": {
        "owner": "ziglang",
        "ref": "0.15.1",
        "repo": "zig",
        "type": "github"
      }
    }
  },
  "root": "root",
  "version": 7
}
